// !$*UTF8*$!
{
	archiveVersion = 1;
	classes = {
	};
	objectVersion = 56;
	objects = {

/* Begin PBXBuildFile section */
		DC576D9B2B665F80006391C7 /* SalesViewModel.swift in Sources */ = {isa = PBXBuildFile; fileRef = DC576D9A2B665F80006391C7 /* SalesViewModel.swift */; };
		DC576DA22B666465006391C7 /* DailySalesChartView.swift in Sources */ = {isa = PBXBuildFile; fileRef = DC576DA12B666465006391C7 /* DailySalesChartView.swift */; };
		DC576DA42B66647C006391C7 /* WeeklyChartsView.swift in Sources */ = {isa = PBXBuildFile; fileRef = DC576DA32B66647C006391C7 /* WeeklyChartsView.swift */; };
		DC576DA62B666489006391C7 /* MonthlyChartsView.swift in Sources */ = {isa = PBXBuildFile; fileRef = DC576DA52B666489006391C7 /* MonthlyChartsView.swift */; };
		DC703EB02B6606E500E589E1 /* ChartsTutorialApp.swift in Sources */ = {isa = PBXBuildFile; fileRef = DC703EAF2B6606E500E589E1 /* ChartsTutorialApp.swift */; };
		DC703EB22B6606E500E589E1 /* ContentView.swift in Sources */ = {isa = PBXBuildFile; fileRef = DC703EB12B6606E500E589E1 /* ContentView.swift */; };
		DC703EB42B6606E700E589E1 /* Assets.xcassets in Resources */ = {isa = PBXBuildFile; fileRef = DC703EB32B6606E700E589E1 /* Assets.xcassets */; };
		DC703EB82B6606E700E589E1 /* Preview Assets.xcassets in Resources */ = {isa = PBXBuildFile; fileRef = DC703EB72B6606E700E589E1 /* Preview Assets.xcassets */; };
		DC703EC02B66071800E589E1 /* BookCategory.swift in Sources */ = {isa = PBXBuildFile; fileRef = DC703EBF2B66071700E589E1 /* BookCategory.swift */; };
		DC703EC22B6607E500E589E1 /* Author.swift in Sources */ = {isa = PBXBuildFile; fileRef = DC703EC12B6607E500E589E1 /* Author.swift */; };
		DC703EC42B6608B700E589E1 /* Book.swift in Sources */ = {isa = PBXBuildFile; fileRef = DC703EC32B6608B700E589E1 /* Book.swift */; };
		DC703EC62B660D1600E589E1 /* Sale.swift in Sources */ = {isa = PBXBuildFile; fileRef = DC703EC52B660D1600E589E1 /* Sale.swift */; };
		DC703EC82B6610C400E589E1 /* Expense.swift in Sources */ = {isa = PBXBuildFile; fileRef = DC703EC72B6610C400E589E1 /* Expense.swift */; };
		DC7D4ECD2B67AE2700833015 /* SimpleBookSalesView.swift in Sources */ = {isa = PBXBuildFile; fileRef = DC7D4ECC2B67AE2700833015 /* SimpleBookSalesView.swift */; };
		DC7D4ECF2B67B65400833015 /* DetailBookSalesView.swift in Sources */ = {isa = PBXBuildFile; fileRef = DC7D4ECE2B67B65400833015 /* DetailBookSalesView.swift */; };
/* End PBXBuildFile section */

/* Begin PBXFileReference section */
		DC576D9A2B665F80006391C7 /* SalesViewModel.swift */ = {isa = PBXFileReference; lastKnownFileType = sourcecode.swift; path = SalesViewModel.swift; sourceTree = "<group>"; };
		DC576DA12B666465006391C7 /* DailySalesChartView.swift */ = {isa = PBXFileReference; lastKnownFileType = sourcecode.swift; path = DailySalesChartView.swift; sourceTree = "<group>"; };
		DC576DA32B66647C006391C7 /* WeeklyChartsView.swift */ = {isa = PBXFileReference; lastKnownFileType = sourcecode.swift; path = WeeklyChartsView.swift; sourceTree = "<group>"; };
		DC576DA52B666489006391C7 /* MonthlyChartsView.swift */ = {isa = PBXFileReference; lastKnownFileType = sourcecode.swift; path = MonthlyChartsView.swift; sourceTree = "<group>"; };
		DC703EAC2B6606E500E589E1 /* ChartsTutorial.app */ = {isa = PBXFileReference; explicitFileType = wrapper.application; includeInIndex = 0; path = ChartsTutorial.app; sourceTree = BUILT_PRODUCTS_DIR; };
		DC703EAF2B6606E500E589E1 /* ChartsTutorialApp.swift */ = {isa = PBXFileReference; lastKnownFileType = sourcecode.swift; path = ChartsTutorialApp.swift; sourceTree = "<group>"; };
		DC703EB12B6606E500E589E1 /* ContentView.swift */ = {isa = PBXFileReference; lastKnownFileType = sourcecode.swift; path = ContentView.swift; sourceTree = "<group>"; };
		DC703EB32B6606E700E589E1 /* Assets.xcassets */ = {isa = PBXFileReference; lastKnownFileType = folder.assetcatalog; path = Assets.xcassets; sourceTree = "<group>"; };
		DC703EB52B6606E700E589E1 /* ChartsTutorial.entitlements */ = {isa = PBXFileReference; lastKnownFileType = text.plist.entitlements; path = ChartsTutorial.entitlements; sourceTree = "<group>"; };
		DC703EB72B6606E700E589E1 /* Preview Assets.xcassets */ = {isa = PBXFileReference; lastKnownFileType = folder.assetcatalog; path = "Preview Assets.xcassets"; sourceTree = "<group>"; };
		DC703EBF2B66071700E589E1 /* BookCategory.swift */ = {isa = PBXFileReference; lastKnownFileType = sourcecode.swift; path = BookCategory.swift; sourceTree = "<group>"; };
		DC703EC12B6607E500E589E1 /* Author.swift */ = {isa = PBXFileReference; lastKnownFileType = sourcecode.swift; path = Author.swift; sourceTree = "<group>"; };
		DC703EC32B6608B700E589E1 /* Book.swift */ = {isa = PBXFileReference; lastKnownFileType = sourcecode.swift; path = Book.swift; sourceTree = "<group>"; };
		DC703EC52B660D1600E589E1 /* Sale.swift */ = {isa = PBXFileReference; lastKnownFileType = sourcecode.swift; path = Sale.swift; sourceTree = "<group>"; };
		DC703EC72B6610C400E589E1 /* Expense.swift */ = {isa = PBXFileReference; lastKnownFileType = sourcecode.swift; path = Expense.swift; sourceTree = "<group>"; };
		DC7D4ECC2B67AE2700833015 /* SimpleBookSalesView.swift */ = {isa = PBXFileReference; lastKnownFileType = sourcecode.swift; path = SimpleBookSalesView.swift; sourceTree = "<group>"; };
		DC7D4ECE2B67B65400833015 /* DetailBookSalesView.swift */ = {isa = PBXFileReference; lastKnownFileType = sourcecode.swift; path = DetailBookSalesView.swift; sourceTree = "<group>"; };
/* End PBXFileReference section */

/* Begin PBXFrameworksBuildPhase section */
		DC703EA92B6606E500E589E1 /* Frameworks */ = {
			isa = PBXFrameworksBuildPhase;
			buildActionMask = 2147483647;
			files = (
			);
			runOnlyForDeploymentPostprocessing = 0;
		};
/* End PBXFrameworksBuildPhase section */

/* Begin PBXGroup section */
		DC576D992B665F67006391C7 /* view models */ = {
			isa = PBXGroup;
			children = (
				DC576D9A2B665F80006391C7 /* SalesViewModel.swift */,
			);
			path = "view models";
			sourceTree = "<group>";
		};
		DC576D9C2B6662C5006391C7 /* view */ = {
			isa = PBXGroup;
			children = (
				DC576DA02B6662FA006391C7 /* weekday stats */,
				DC576D9F2B6662E3006391C7 /* expenses stats */,
				DC576D9E2B6662D7006391C7 /* book category stats */,
				DC576D9D2B6662CD006391C7 /* sales stats */,
			);
			path = view;
			sourceTree = "<group>";
		};
		DC576D9D2B6662CD006391C7 /* sales stats */ = {
			isa = PBXGroup;
			children = (
				DC576DA12B666465006391C7 /* DailySalesChartView.swift */,
				DC576DA32B66647C006391C7 /* WeeklyChartsView.swift */,
				DC576DA52B666489006391C7 /* MonthlyChartsView.swift */,
				DC7D4ECC2B67AE2700833015 /* SimpleBookSalesView.swift */,
				DC7D4ECE2B67B65400833015 /* DetailBookSalesView.swift */,
			);
			path = "sales stats";
			sourceTree = "<group>";
		};
		DC576D9E2B6662D7006391C7 /* book category stats */ = {
			isa = PBXGroup;
			children = (
			);
			path = "book category stats";
			sourceTree = "<group>";
		};
		DC576D9F2B6662E3006391C7 /* expenses stats */ = {
			isa = PBXGroup;
			children = (
			);
			path = "expenses stats";
			sourceTree = "<group>";
		};
		DC576DA02B6662FA006391C7 /* weekday stats */ = {
			isa = PBXGroup;
			children = (
			);
			path = "weekday stats";
			sourceTree = "<group>";
		};
		DC703EA32B6606E500E589E1 = {
			isa = PBXGroup;
			children = (
				DC703EAE2B6606E500E589E1 /* ChartsTutorial */,
				DC703EAD2B6606E500E589E1 /* Products */,
			);
			sourceTree = "<group>";
		};
		DC703EAD2B6606E500E589E1 /* Products */ = {
			isa = PBXGroup;
			children = (
				DC703EAC2B6606E500E589E1 /* ChartsTutorial.app */,
			);
			name = Products;
			sourceTree = "<group>";
		};
		DC703EAE2B6606E500E589E1 /* ChartsTutorial */ = {
			isa = PBXGroup;
			children = (
				DC576D9C2B6662C5006391C7 /* view */,
				DC576D992B665F67006391C7 /* view models */,
				DC703EBE2B6606FC00E589E1 /* model */,
				DC703EAF2B6606E500E589E1 /* ChartsTutorialApp.swift */,
				DC703EB12B6606E500E589E1 /* ContentView.swift */,
				DC703EB32B6606E700E589E1 /* Assets.xcassets */,
				DC703EB52B6606E700E589E1 /* ChartsTutorial.entitlements */,
				DC703EB62B6606E700E589E1 /* Preview Content */,
			);
			path = ChartsTutorial;
			sourceTree = "<group>";
		};
		DC703EB62B6606E700E589E1 /* Preview Content */ = {
			isa = PBXGroup;
			children = (
				DC703EB72B6606E700E589E1 /* Preview Assets.xcassets */,
			);
			path = "Preview Content";
			sourceTree = "<group>";
		};
		DC703EBE2B6606FC00E589E1 /* model */ = {
			isa = PBXGroup;
			children = (
				DC703EBF2B66071700E589E1 /* BookCategory.swift */,
				DC703EC12B6607E500E589E1 /* Author.swift */,
				DC703EC32B6608B700E589E1 /* Book.swift */,
				DC703EC52B660D1600E589E1 /* Sale.swift */,
				DC703EC72B6610C400E589E1 /* Expense.swift */,
			);
			path = model;
			sourceTree = "<group>";
		};
/* End PBXGroup section */

/* Begin PBXNativeTarget section */
		DC703EAB2B6606E500E589E1 /* ChartsTutorial */ = {
			isa = PBXNativeTarget;
			buildConfigurationList = DC703EBB2B6606E700E589E1 /* Build configuration list for PBXNativeTarget "ChartsTutorial" */;
			buildPhases = (
				DC703EA82B6606E500E589E1 /* Sources */,
				DC703EA92B6606E500E589E1 /* Frameworks */,
				DC703EAA2B6606E500E589E1 /* Resources */,
			);
			buildRules = (
			);
			dependencies = (
			);
			name = ChartsTutorial;
			productName = ChartsTutorial;
			productReference = DC703EAC2B6606E500E589E1 /* ChartsTutorial.app */;
			productType = "com.apple.product-type.application";
		};
/* End PBXNativeTarget section */

/* Begin PBXProject section */
		DC703EA42B6606E500E589E1 /* Project object */ = {
			isa = PBXProject;
			attributes = {
				BuildIndependentTargetsInParallel = 1;
				LastSwiftUpdateCheck = 1500;
				LastUpgradeCheck = 1500;
				TargetAttributes = {
					DC703EAB2B6606E500E589E1 = {
						CreatedOnToolsVersion = 15.0;
					};
				};
			};
			buildConfigurationList = DC703EA72B6606E500E589E1 /* Build configuration list for PBXProject "ChartsTutorial" */;
			compatibilityVersion = "Xcode 14.0";
			developmentRegion = en;
			hasScannedForEncodings = 0;
			knownRegions = (
				en,
				Base,
			);
			mainGroup = DC703EA32B6606E500E589E1;
			productRefGroup = DC703EAD2B6606E500E589E1 /* Products */;
			projectDirPath = "";
			projectRoot = "";
			targets = (
				DC703EAB2B6606E500E589E1 /* ChartsTutorial */,
			);
		};
/* End PBXProject section */

/* Begin PBXResourcesBuildPhase section */
		DC703EAA2B6606E500E589E1 /* Resources */ = {
			isa = PBXResourcesBuildPhase;
			buildActionMask = 2147483647;
			files = (
				DC703EB82B6606E700E589E1 /* Preview Assets.xcassets in Resources */,
				DC703EB42B6606E700E589E1 /* Assets.xcassets in Resources */,
			);
			runOnlyForDeploymentPostprocessing = 0;
		};
/* End PBXResourcesBuildPhase section */

/* Begin PBXSourcesBuildPhase section */
		DC703EA82B6606E500E589E1 /* Sources */ = {
			isa = PBXSourcesBuildPhase;
			buildActionMask = 2147483647;
			files = (
				DC576DA62B666489006391C7 /* MonthlyChartsView.swift in Sources */,
				DC7D4ECF2B67B65400833015 /* DetailBookSalesView.swift in Sources */,
				DC703EC82B6610C400E589E1 /* Expense.swift in Sources */,
				DC703EC02B66071800E589E1 /* BookCategory.swift in Sources */,
				DC576DA22B666465006391C7 /* DailySalesChartView.swift in Sources */,
				DC7D4ECD2B67AE2700833015 /* SimpleBookSalesView.swift in Sources */,
				DC703EB22B6606E500E589E1 /* ContentView.swift in Sources */,
				DC576D9B2B665F80006391C7 /* SalesViewModel.swift in Sources */,
				DC703EC22B6607E500E589E1 /* Author.swift in Sources */,
				DC576DA42B66647C006391C7 /* WeeklyChartsView.swift in Sources */,
				DC703EC42B6608B700E589E1 /* Book.swift in Sources */,
				DC703EC62B660D1600E589E1 /* Sale.swift in Sources */,
				DC703EB02B6606E500E589E1 /* ChartsTutorialApp.swift in Sources */,
			);
			runOnlyForDeploymentPostprocessing = 0;
		};
/* End PBXSourcesBuildPhase section */

/* Begin XCBuildConfiguration section */
		DC703EB92B6606E700E589E1 /* Debug */ = {
			isa = XCBuildConfiguration;
			buildSettings = {
				ALWAYS_SEARCH_USER_PATHS = NO;
				ASSETCATALOG_COMPILER_GENERATE_SWIFT_ASSET_SYMBOL_EXTENSIONS = YES;
				CLANG_ANALYZER_NONNULL = YES;
				CLANG_ANALYZER_NUMBER_OBJECT_CONVERSION = YES_AGGRESSIVE;
				CLANG_CXX_LANGUAGE_STANDARD = "gnu++20";
				CLANG_ENABLE_MODULES = YES;
				CLANG_ENABLE_OBJC_ARC = YES;
				CLANG_ENABLE_OBJC_WEAK = YES;
				CLANG_WARN_BLOCK_CAPTURE_AUTORELEASING = YES;
				CLANG_WARN_BOOL_CONVERSION = YES;
				CLANG_WARN_COMMA = YES;
				CLANG_WARN_CONSTANT_CONVERSION = YES;
				CLANG_WARN_DEPRECATED_OBJC_IMPLEMENTATIONS = YES;
				CLANG_WARN_DIRECT_OBJC_ISA_USAGE = YES_ERROR;
				CLANG_WARN_DOCUMENTATION_COMMENTS = YES;
				CLANG_WARN_EMPTY_BODY = YES;
				CLANG_WARN_ENUM_CONVERSION = YES;
				CLANG_WARN_INFINITE_RECURSION = YES;
				CLANG_WARN_INT_CONVERSION = YES;
				CLANG_WARN_NON_LITERAL_NULL_CONVERSION = YES;
				CLANG_WARN_OBJC_IMPLICIT_RETAIN_SELF = YES;
				CLANG_WARN_OBJC_LITERAL_CONVERSION = YES;
				CLANG_WARN_OBJC_ROOT_CLASS = YES_ERROR;
				CLANG_WARN_QUOTED_INCLUDE_IN_FRAMEWORK_HEADER = YES;
				CLANG_WARN_RANGE_LOOP_ANALYSIS = YES;
				CLANG_WARN_STRICT_PROTOTYPES = YES;
				CLANG_WARN_SUSPICIOUS_MOVE = YES;
				CLANG_WARN_UNGUARDED_AVAILABILITY = YES_AGGRESSIVE;
				CLANG_WARN_UNREACHABLE_CODE = YES;
				CLANG_WARN__DUPLICATE_METHOD_MATCH = YES;
				COPY_PHASE_STRIP = NO;
				DEBUG_INFORMATION_FORMAT = dwarf;
				ENABLE_STRICT_OBJC_MSGSEND = YES;
				ENABLE_TESTABILITY = YES;
				ENABLE_USER_SCRIPT_SANDBOXING = YES;
				GCC_C_LANGUAGE_STANDARD = gnu17;
				GCC_DYNAMIC_NO_PIC = NO;
				GCC_NO_COMMON_BLOCKS = YES;
				GCC_OPTIMIZATION_LEVEL = 0;
				GCC_PREPROCESSOR_DEFINITIONS = (
					"DEBUG=1",
					"$(inherited)",
				);
				GCC_WARN_64_TO_32_BIT_CONVERSION = YES;
				GCC_WARN_ABOUT_RETURN_TYPE = YES_ERROR;
				GCC_WARN_UNDECLARED_SELECTOR = YES;
				GCC_WARN_UNINITIALIZED_AUTOS = YES_AGGRESSIVE;
				GCC_WARN_UNUSED_FUNCTION = YES;
				GCC_WARN_UNUSED_VARIABLE = YES;
				LOCALIZATION_PREFERS_STRING_CATALOGS = YES;
				MTL_ENABLE_DEBUG_INFO = INCLUDE_SOURCE;
				MTL_FAST_MATH = YES;
				ONLY_ACTIVE_ARCH = YES;
				SWIFT_ACTIVE_COMPILATION_CONDITIONS = "DEBUG $(inherited)";
				SWIFT_OPTIMIZATION_LEVEL = "-Onone";
			};
			name = Debug;
		};
		DC703EBA2B6606E700E589E1 /* Release */ = {
			isa = XCBuildConfiguration;
			buildSettings = {
				ALWAYS_SEARCH_USER_PATHS = NO;
				ASSETCATALOG_COMPILER_GENERATE_SWIFT_ASSET_SYMBOL_EXTENSIONS = YES;
				CLANG_ANALYZER_NONNULL = YES;
				CLANG_ANALYZER_NUMBER_OBJECT_CONVERSION = YES_AGGRESSIVE;
				CLANG_CXX_LANGUAGE_STANDARD = "gnu++20";
				CLANG_ENABLE_MODULES = YES;
				CLANG_ENABLE_OBJC_ARC = YES;
				CLANG_ENABLE_OBJC_WEAK = YES;
				CLANG_WARN_BLOCK_CAPTURE_AUTORELEASING = YES;
				CLANG_WARN_BOOL_CONVERSION = YES;
				CLANG_WARN_COMMA = YES;
				CLANG_WARN_CONSTANT_CONVERSION = YES;
				CLANG_WARN_DEPRECATED_OBJC_IMPLEMENTATIONS = YES;
				CLANG_WARN_DIRECT_OBJC_ISA_USAGE = YES_ERROR;
				CLANG_WARN_DOCUMENTATION_COMMENTS = YES;
				CLANG_WARN_EMPTY_BODY = YES;
				CLANG_WARN_ENUM_CONVERSION = YES;
				CLANG_WARN_INFINITE_RECURSION = YES;
				CLANG_WARN_INT_CONVERSION = YES;
				CLANG_WARN_NON_LITERAL_NULL_CONVERSION = YES;
				CLANG_WARN_OBJC_IMPLICIT_RETAIN_SELF = YES;
				CLANG_WARN_OBJC_LITERAL_CONVERSION = YES;
				CLANG_WARN_OBJC_ROOT_CLASS = YES_ERROR;
				CLANG_WARN_QUOTED_INCLUDE_IN_FRAMEWORK_HEADER = YES;
				CLANG_WARN_RANGE_LOOP_ANALYSIS = YES;
				CLANG_WARN_STRICT_PROTOTYPES = YES;
				CLANG_WARN_SUSPICIOUS_MOVE = YES;
				CLANG_WARN_UNGUARDED_AVAILABILITY = YES_AGGRESSIVE;
				CLANG_WARN_UNREACHABLE_CODE = YES;
				CLANG_WARN__DUPLICATE_METHOD_MATCH = YES;
				COPY_PHASE_STRIP = NO;
				DEBUG_INFORMATION_FORMAT = "dwarf-with-dsym";
				ENABLE_NS_ASSERTIONS = NO;
				ENABLE_STRICT_OBJC_MSGSEND = YES;
				ENABLE_USER_SCRIPT_SANDBOXING = YES;
				GCC_C_LANGUAGE_STANDARD = gnu17;
				GCC_NO_COMMON_BLOCKS = YES;
				GCC_WARN_64_TO_32_BIT_CONVERSION = YES;
				GCC_WARN_ABOUT_RETURN_TYPE = YES_ERROR;
				GCC_WARN_UNDECLARED_SELECTOR = YES;
				GCC_WARN_UNINITIALIZED_AUTOS = YES_AGGRESSIVE;
				GCC_WARN_UNUSED_FUNCTION = YES;
				GCC_WARN_UNUSED_VARIABLE = YES;
				LOCALIZATION_PREFERS_STRING_CATALOGS = YES;
				MTL_ENABLE_DEBUG_INFO = NO;
				MTL_FAST_MATH = YES;
				SWIFT_COMPILATION_MODE = wholemodule;
			};
			name = Release;
		};
		DC703EBC2B6606E700E589E1 /* Debug */ = {
			isa = XCBuildConfiguration;
			buildSettings = {
				ASSETCATALOG_COMPILER_APPICON_NAME = AppIcon;
				ASSETCATALOG_COMPILER_GLOBAL_ACCENT_COLOR_NAME = AccentColor;
				CODE_SIGN_ENTITLEMENTS = ChartsTutorial/ChartsTutorial.entitlements;
				CODE_SIGN_STYLE = Automatic;
				CURRENT_PROJECT_VERSION = 1;
				DEVELOPMENT_ASSET_PATHS = "\"ChartsTutorial/Preview Content\"";
				DEVELOPMENT_TEAM = BCCUVY4KWG;
				ENABLE_HARDENED_RUNTIME = YES;
				ENABLE_PREVIEWS = YES;
				GENERATE_INFOPLIST_FILE = YES;
				"INFOPLIST_KEY_UIApplicationSceneManifest_Generation[sdk=iphoneos*]" = YES;
				"INFOPLIST_KEY_UIApplicationSceneManifest_Generation[sdk=iphonesimulator*]" = YES;
				"INFOPLIST_KEY_UIApplicationSupportsIndirectInputEvents[sdk=iphoneos*]" = YES;
				"INFOPLIST_KEY_UIApplicationSupportsIndirectInputEvents[sdk=iphonesimulator*]" = YES;
				"INFOPLIST_KEY_UILaunchScreen_Generation[sdk=iphoneos*]" = YES;
				"INFOPLIST_KEY_UILaunchScreen_Generation[sdk=iphonesimulator*]" = YES;
				"INFOPLIST_KEY_UIStatusBarStyle[sdk=iphoneos*]" = UIStatusBarStyleDefault;
				"INFOPLIST_KEY_UIStatusBarStyle[sdk=iphonesimulator*]" = UIStatusBarStyleDefault;
				INFOPLIST_KEY_UISupportedInterfaceOrientations_iPad = "UIInterfaceOrientationPortrait UIInterfaceOrientationPortraitUpsideDown UIInterfaceOrientationLandscapeLeft UIInterfaceOrientationLandscapeRight";
				INFOPLIST_KEY_UISupportedInterfaceOrientations_iPhone = "UIInterfaceOrientationPortrait UIInterfaceOrientationLandscapeLeft UIInterfaceOrientationLandscapeRight";
				IPHONEOS_DEPLOYMENT_TARGET = 17.0;
				LD_RUNPATH_SEARCH_PATHS = "@executable_path/Frameworks";
				"LD_RUNPATH_SEARCH_PATHS[sdk=macosx*]" = "@executable_path/../Frameworks";
				MACOSX_DEPLOYMENT_TARGET = 14.0;
				MARKETING_VERSION = 1.0;
				PRODUCT_BUNDLE_IDENTIFIER = "no-org.ChartsTutorial";
				PRODUCT_NAME = "$(TARGET_NAME)";
				SDKROOT = auto;
				SUPPORTED_PLATFORMS = "iphoneos iphonesimulator macosx";
				SWIFT_EMIT_LOC_STRINGS = YES;
				SWIFT_VERSION = 5.0;
				TARGETED_DEVICE_FAMILY = "1,2";
			};
			name = Debug;
		};
		DC703EBD2B6606E700E589E1 /* Release */ = {
			isa = XCBuildConfiguration;
			buildSettings = {
				ASSETCATALOG_COMPILER_APPICON_NAME = AppIcon;
				ASSETCATALOG_COMPILER_GLOBAL_ACCENT_COLOR_NAME = AccentColor;
				CODE_SIGN_ENTITLEMENTS = ChartsTutorial/ChartsTutorial.entitlements;
				CODE_SIGN_STYLE = Automatic;
				CURRENT_PROJECT_VERSION = 1;
				DEVELOPMENT_ASSET_PATHS = "\"ChartsTutorial/Preview Content\"";
				DEVELOPMENT_TEAM = BCCUVY4KWG;
				ENABLE_HARDENED_RUNTIME = YES;
				ENABLE_PREVIEWS = YES;
				GENERATE_INFOPLIST_FILE = YES;
				"INFOPLIST_KEY_UIApplicationSceneManifest_Generation[sdk=iphoneos*]" = YES;
				"INFOPLIST_KEY_UIApplicationSceneManifest_Generation[sdk=iphonesimulator*]" = YES;
				"INFOPLIST_KEY_UIApplicationSupportsIndirectInputEvents[sdk=iphoneos*]" = YES;
				"INFOPLIST_KEY_UIApplicationSupportsIndirectInputEvents[sdk=iphonesimulator*]" = YES;
				"INFOPLIST_KEY_UILaunchScreen_Generation[sdk=iphoneos*]" = YES;
				"INFOPLIST_KEY_UILaunchScreen_Generation[sdk=iphonesimulator*]" = YES;
				"INFOPLIST_KEY_UIStatusBarStyle[sdk=iphoneos*]" = UIStatusBarStyleDefault;
				"INFOPLIST_KEY_UIStatusBarStyle[sdk=iphonesimulator*]" = UIStatusBarStyleDefault;
				INFOPLIST_KEY_UISupportedInterfaceOrientations_iPad = "UIInterfaceOrientationPortrait UIInterfaceOrientationPortraitUpsideDown UIInterfaceOrientationLandscapeLeft UIInterfaceOrientationLandscapeRight";
				INFOPLIST_KEY_UISupportedInterfaceOrientations_iPhone = "UIInterfaceOrientationPortrait UIInterfaceOrientationLandscapeLeft UIInterfaceOrientationLandscapeRight";
				IPHONEOS_DEPLOYMENT_TARGET = 17.0;
				LD_RUNPATH_SEARCH_PATHS = "@executable_path/Frameworks";
				"LD_RUNPATH_SEARCH_PATHS[sdk=macosx*]" = "@executable_path/../Frameworks";
				MACOSX_DEPLOYMENT_TARGET = 14.0;
				MARKETING_VERSION = 1.0;
				PRODUCT_BUNDLE_IDENTIFIER = "no-org.ChartsTutorial";
				PRODUCT_NAME = "$(TARGET_NAME)";
				SDKROOT = auto;
				SUPPORTED_PLATFORMS = "iphoneos iphonesimulator macosx";
				SWIFT_EMIT_LOC_STRINGS = YES;
				SWIFT_VERSION = 5.0;
				TARGETED_DEVICE_FAMILY = "1,2";
			};
			name = Release;
		};
/* End XCBuildConfiguration section */

/* Begin XCConfigurationList section */
		DC703EA72B6606E500E589E1 /* Build configuration list for PBXProject "ChartsTutorial" */ = {
			isa = XCConfigurationList;
			buildConfigurations = (
				DC703EB92B6606E700E589E1 /* Debug */,
				DC703EBA2B6606E700E589E1 /* Release */,
			);
			defaultConfigurationIsVisible = 0;
			defaultConfigurationName = Release;
		};
		DC703EBB2B6606E700E589E1 /* Build configuration list for PBXNativeTarget "ChartsTutorial" */ = {
			isa = XCConfigurationList;
			buildConfigurations = (
				DC703EBC2B6606E700E589E1 /* Debug */,
				DC703EBD2B6606E700E589E1 /* Release */,
			);
			defaultConfigurationIsVisible = 0;
			defaultConfigurationName = Release;
		};
/* End XCConfigurationList section */
	};
	rootObject = DC703EA42B6606E500E589E1 /* Project object */;
}
